
Microsoft Visual Studio Solution File, Format Version 11.00
# Visual Studio 2010
Project("{FAE04EC0-301F-11D3-BF4B-00C04F79EFBC}") = "srails", "srails\srails.csproj", "{9EB0E8CA-D08A-4BDB-B394-93019EACD943}"
EndProject
Project("{FAE04EC0-301F-11D3-BF4B-00C04F79EFBC}") = "srails.Web", "srails.Web\srails.Web.csproj", "{E61745EF-E5A9-4010-BB1F-861B0EF6525A}"
EndProject
Global
	GlobalSection(SolutionConfigurationPlatforms) = preSolution
		Debug|Any CPU = Debug|Any CPU
		Release|Any CPU = Release|Any CPU
	EndGlobalSection
	GlobalSection(ProjectConfigurationPlatforms) = postSolution
		{9EB0E8CA-D08A-4BDB-B394-93019EACD943}.Debug|Any CPU.ActiveCfg = Debug|Any CPU
		{9EB0E8CA-D08A-4BDB-B394-93019EACD943}.Debug|Any CPU.Build.0 = Debug|Any CPU
		{9EB0E8CA-D08A-4BDB-B394-93019EACD943}.Release|Any CPU.ActiveCfg = Release|Any CPU
		{9EB0E8CA-D08A-4BDB-B394-93019EACD943}.Release|Any CPU.Build.0 = Release|Any CPU
		{E61745EF-E5A9-4010-BB1F-861B0EF6525A}.Debug|Any CPU.ActiveCfg = Debug|Any CPU
		{E61745EF-E5A9-4010-BB1F-861B0EF6525A}.Debug|Any CPU.Build.0 = Debug|Any CPU
		{E61745EF-E5A9-4010-BB1F-861B0EF6525A}.Release|Any CPU.ActiveCfg = Release|Any CPU
		{E61745EF-E5A9-4010-BB1F-861B0EF6525A}.Release|Any CPU.Build.0 = Release|Any CPU
	EndGlobalSection
	GlobalSection(SolutionProperties) = preSolution
		HideSolutionNode = FALSE
	EndGlobalSection
EndGlobal
